
Microsoft Visual Studio Solution File, Format Version 12.00
# Visual Studio Version 17
VisualStudioVersion = 17.9.34902.65
MinimumVisualStudioVersion = 10.0.40219.1
Project("{FAE04EC0-301F-11D3-BF4B-00C04F79EFBC}") = "OptionTypeTwoWays", "OptionTypeTwoWays\OptionTypeTwoWays.csproj", "{BF082AC6-15BA-46CF-A683-77849429E4C7}"
EndProject
Global
	GlobalSection(SolutionConfigurationPlatforms) = preSolution
		Debug|Any CPU = Debug|Any CPU
		Release|Any CPU = Release|Any CPU
	EndGlobalSection
	GlobalSection(ProjectConfigurationPlatforms) = postSolution
		{BF082AC6-15BA-46CF-A683-77849429E4C7}.Debug|Any CPU.ActiveCfg = Debug|Any CPU
		{BF082AC6-15BA-46CF-A683-77849429E4C7}.Debug|Any CPU.Build.0 = Debug|Any CPU
		{BF082AC6-15BA-46CF-A683-77849429E4C7}.Release|Any CPU.ActiveCfg = Release|Any CPU
		{BF082AC6-15BA-46CF-A683-77849429E4C7}.Release|Any CPU.Build.0 = Release|Any CPU
	EndGlobalSection
	GlobalSection(SolutionProperties) = preSolution
		HideSolutionNode = FALSE
	EndGlobalSection
	GlobalSection(ExtensibilityGlobals) = postSolution
		SolutionGuid = {A7E85C3C-B9E0-45DE-A160-8533E732C202}
	EndGlobalSection
EndGlobal
